
Microsoft Visual Studio Solution File, Format Version 12.00
# Visual Studio Express 2012 for Windows Desktop
Project("{FAE04EC0-301F-11D3-BF4B-00C04F79EFBC}") = "LibraryBasicForm", "LibraryBasicForm\LibraryBasicForm.csproj", "{36777684-D691-4228-857E-9CF03EBE0EB6}"
EndProject
Project("{FAE04EC0-301F-11D3-BF4B-00C04F79EFBC}") = "Test", "Test\Test.csproj", "{A817E9AD-5F99-47D6-99D3-2D9106777037}"
EndProject
Global
	GlobalSection(SolutionConfigurationPlatforms) = preSolution
		Debug|Any CPU = Debug|Any CPU
		Release|Any CPU = Release|Any CPU
	EndGlobalSection
	GlobalSection(ProjectConfigurationPlatforms) = postSolution
		{36777684-D691-4228-857E-9CF03EBE0EB6}.Debug|Any CPU.ActiveCfg = Debug|Any CPU
		{36777684-D691-4228-857E-9CF03EBE0EB6}.Debug|Any CPU.Build.0 = Debug|Any CPU
		{36777684-D691-4228-857E-9CF03EBE0EB6}.Release|Any CPU.ActiveCfg = Release|Any CPU
		{36777684-D691-4228-857E-9CF03EBE0EB6}.Release|Any CPU.Build.0 = Release|Any CPU
		{A817E9AD-5F99-47D6-99D3-2D9106777037}.Debug|Any CPU.ActiveCfg = Debug|Any CPU
		{A817E9AD-5F99-47D6-99D3-2D9106777037}.Debug|Any CPU.Build.0 = Debug|Any CPU
		{A817E9AD-5F99-47D6-99D3-2D9106777037}.Release|Any CPU.ActiveCfg = Release|Any CPU
		{A817E9AD-5F99-47D6-99D3-2D9106777037}.Release|Any CPU.Build.0 = Release|Any CPU
	EndGlobalSection
	GlobalSection(SolutionProperties) = preSolution
		HideSolutionNode = FALSE
	EndGlobalSection
EndGlobal
